
Microsoft Visual Studio Solution File, Format Version 12.00
# Visual Studio Version 17
VisualStudioVersion = 17.2.32616.157
MinimumVisualStudioVersion = 10.0.40219.1
Project("{FAE04EC0-301F-11D3-BF4B-00C04F79EFBC}") = "BranchingPractice", "BranchingPractice\BranchingPractice.csproj", "{59202687-AB2A-4B47-A054-3E7920CDB66D}"
EndProject
Global
	GlobalSection(SolutionConfigurationPlatforms) = preSolution
		Debug|Any CPU = Debug|Any CPU
		Release|Any CPU = Release|Any CPU
	EndGlobalSection
	GlobalSection(ProjectConfigurationPlatforms) = postSolution
		{59202687-AB2A-4B47-A054-3E7920CDB66D}.Debug|Any CPU.ActiveCfg = Debug|Any CPU
		{59202687-AB2A-4B47-A054-3E7920CDB66D}.Debug|Any CPU.Build.0 = Debug|Any CPU
		{59202687-AB2A-4B47-A054-3E7920CDB66D}.Release|Any CPU.ActiveCfg = Release|Any CPU
		{59202687-AB2A-4B47-A054-3E7920CDB66D}.Release|Any CPU.Build.0 = Release|Any CPU
	EndGlobalSection
	GlobalSection(SolutionProperties) = preSolution
		HideSolutionNode = FALSE
	EndGlobalSection
	GlobalSection(ExtensibilityGlobals) = postSolution
		SolutionGuid = {2134EA40-8200-491A-97A2-E8E7D69FECB3}
	EndGlobalSection
EndGlobal
